<?xml version="1.0" encoding="utf-8"?>
<Project ToolsVersion="4.0" xmlns="http://schemas.microsoft.com/developer/msbuild/2003">
  <ItemGroup>
    <Filter Include="源文件">
      <UniqueIdentifier>{4FC737F1-C7A5-4376-A066-2A32D752A2FF}</UniqueIdentifier>
      <Extensions>cpp;c;cc;cxx;c++;cppm;ixx;def;odl;idl;hpj;bat;asm;asmx</Extensions>
    </Filter>
    <Filter Include="头文件">
      <UniqueIdentifier>{93995380-89BD-4b04-88EB-625FBE52EBFB}</UniqueIdentifier>
      <Extensions>h;hh;hpp;hxx;h++;hm;inl;inc;ipp;xsd</Extensions>
    </Filter>
    <Filter Include="头文件\map">
      <UniqueIdentifier>{a179fc82-d712-4fda-b970-62335e9e8d46}</UniqueIdentifier>
    </Filter>
    <Filter Include="头文件\scene">
      <UniqueIdentifier>{91f70aa9-f055-4f4b-9d8d-478de529def9}</UniqueIdentifier>
    </Filter>
  </ItemGroup>
  <ItemGroup>
    <ClCompile Include="src\源.cpp">
      <Filter>源文件</Filter>
    </ClCompile>
    <ClCompile Include="src\bullet.cpp">
      <Filter>源文件</Filter>
    </ClCompile>
    <ClCompile Include="src\player.cpp">
      <Filter>源文件</Filter>
    </ClCompile>
    <ClCompile Include="src\rebound.cpp">
      <Filter>源文件</Filter>
    </ClCompile>
    <ClCompile Include="src\util.cpp">
      <Filter>源文件</Filter>
    </ClCompile>
  </ItemGroup>
  <ItemGroup>
    <ClInclude Include="include\player.h">
      <Filter>头文件</Filter>
    </ClInclude>
    <ClInclude Include="include\bullet.h">
      <Filter>头文件</Filter>
    </ClInclude>
    <ClInclude Include="include\rebound.h">
      <Filter>头文件</Filter>
    </ClInclude>
    <ClInclude Include="include\map.h">
      <Filter>头文件\map</Filter>
    </ClInclude>
    <ClInclude Include="include\map1.h">
      <Filter>头文件\map</Filter>
    </ClInclude>
    <ClInclude Include="include\map2.h">
      <Filter>头文件\map</Filter>
    </ClInclude>
    <ClInclude Include="include\mapManager.h">
      <Filter>头文件\map</Filter>
    </ClInclude>
    <ClInclude Include="include\scene.h">
      <Filter>头文件\scene</Filter>
    </ClInclude>
    <ClInclude Include="include\menuScene.h">
      <Filter>头文件\scene</Filter>
    </ClInclude>
    <ClInclude Include="include\gameScene.h">
      <Filter>头文件\scene</Filter>
    </ClInclude>
    <ClInclude Include="include\sceneManager.h">
      <Filter>头文件\scene</Filter>
    </ClInclude>
    <ClInclude Include="include\util.h">
      <Filter>头文件</Filter>
    </ClInclude>
    <ClInclude Include="include\mapSelectScene.h">
      <Filter>头文件\scene</Filter>
    </ClInclude>
  </ItemGroup>
</Project>